
Microsoft Visual Studio Solution File, Format Version 12.00
# Visual Studio Version 16
VisualStudioVersion = 16.0.808.0
MinimumVisualStudioVersion = 10.0.40219.1
Project("{FAE04EC0-301F-11D3-BF4B-00C04F79EFBC}") = "Exercise6", "Exercise6\Exercise6.csproj", "{98C0AE0C-E5AE-4278-B504-8FCE78F83819}"
EndProject
Global
	GlobalSection(SolutionConfigurationPlatforms) = preSolution
		Debug|Any CPU = Debug|Any CPU
		Release|Any CPU = Release|Any CPU
	EndGlobalSection
	GlobalSection(ProjectConfigurationPlatforms) = postSolution
		{98C0AE0C-E5AE-4278-B504-8FCE78F83819}.Debug|Any CPU.ActiveCfg = Debug|Any CPU
		{98C0AE0C-E5AE-4278-B504-8FCE78F83819}.Debug|Any CPU.Build.0 = Debug|Any CPU
		{98C0AE0C-E5AE-4278-B504-8FCE78F83819}.Release|Any CPU.ActiveCfg = Release|Any CPU
		{98C0AE0C-E5AE-4278-B504-8FCE78F83819}.Release|Any CPU.Build.0 = Release|Any CPU
	EndGlobalSection
	GlobalSection(SolutionProperties) = preSolution
		HideSolutionNode = FALSE
	EndGlobalSection
	GlobalSection(ExtensibilityGlobals) = postSolution
		SolutionGuid = {CFA08A4C-0D5B-4528-A8C5-2164354DCB67}
	EndGlobalSection
EndGlobal
